Microsoft Visual Studio Solution File, Format Version 12.00
# Visual Studio 15
VisualStudioVersion = 15.0.26124.0
MinimumVisualStudioVersion = 15.0.26124.0
Project("{9A19103F-16F7-4668-BE54-9A1E7A4F7556}") = "BotMyst.Bot", "BotMyst.Bot\BotMyst.Bot.csproj", "{E3B6279B-0C74-4999-9C3E-75377741C5CB}"
EndProject
Project("{9A19103F-16F7-4668-BE54-9A1E7A4F7556}") = "BotMyst.Web", "BotMyst.Web\BotMyst.Web.csproj", "{E3CF650A-07DD-4EC0-BD49-7E9DB9BBCC4B}"
EndProject
Global
	GlobalSection(SolutionConfigurationPlatforms) = preSolution
		Debug|Any CPU = Debug|Any CPU
		Debug|x64 = Debug|x64
		Debug|x86 = Debug|x86
		Release|Any CPU = Release|Any CPU
		Release|x64 = Release|x64
		Release|x86 = Release|x86
	EndGlobalSection
	GlobalSection(ProjectConfigurationPlatforms) = postSolution
		{E3B6279B-0C74-4999-9C3E-75377741C5CB}.Debug|Any CPU.ActiveCfg = Debug|Any CPU
		{E3B6279B-0C74-4999-9C3E-75377741C5CB}.Debug|Any CPU.Build.0 = Debug|Any CPU
		{E3B6279B-0C74-4999-9C3E-75377741C5CB}.Debug|x64.ActiveCfg = Debug|Any CPU
		{E3B6279B-0C74-4999-9C3E-75377741C5CB}.Debug|x64.Build.0 = Debug|Any CPU
		{E3B6279B-0C74-4999-9C3E-75377741C5CB}.Debug|x86.ActiveCfg = Debug|Any CPU
		{E3B6279B-0C74-4999-9C3E-75377741C5CB}.Debug|x86.Build.0 = Debug|Any CPU
		{E3B6279B-0C74-4999-9C3E-75377741C5CB}.Release|Any CPU.ActiveCfg = Release|Any CPU
		{E3B6279B-0C74-4999-9C3E-75377741C5CB}.Release|Any CPU.Build.0 = Release|Any CPU
		{E3B6279B-0C74-4999-9C3E-75377741C5CB}.Release|x64.ActiveCfg = Release|Any CPU
		{E3B6279B-0C74-4999-9C3E-75377741C5CB}.Release|x64.Build.0 = Release|Any CPU
		{E3B6279B-0C74-4999-9C3E-75377741C5CB}.Release|x86.ActiveCfg = Release|Any CPU
		{E3B6279B-0C74-4999-9C3E-75377741C5CB}.Release|x86.Build.0 = Release|Any CPU
		{E3CF650A-07DD-4EC0-BD49-7E9DB9BBCC4B}.Debug|Any CPU.ActiveCfg = Debug|Any CPU
		{E3CF650A-07DD-4EC0-BD49-7E9DB9BBCC4B}.Debug|Any CPU.Build.0 = Debug|Any CPU
		{E3CF650A-07DD-4EC0-BD49-7E9DB9BBCC4B}.Debug|x64.ActiveCfg = Debug|Any CPU
		{E3CF650A-07DD-4EC0-BD49-7E9DB9BBCC4B}.Debug|x64.Build.0 = Debug|Any CPU
		{E3CF650A-07DD-4EC0-BD49-7E9DB9BBCC4B}.Debug|x86.ActiveCfg = Debug|Any CPU
		{E3CF650A-07DD-4EC0-BD49-7E9DB9BBCC4B}.Debug|x86.Build.0 = Debug|Any CPU
		{E3CF650A-07DD-4EC0-BD49-7E9DB9BBCC4B}.Release|Any CPU.ActiveCfg = Release|Any CPU
		{E3CF650A-07DD-4EC0-BD49-7E9DB9BBCC4B}.Release|Any CPU.Build.0 = Release|Any CPU
		{E3CF650A-07DD-4EC0-BD49-7E9DB9BBCC4B}.Release|x64.ActiveCfg = Release|Any CPU
		{E3CF650A-07DD-4EC0-BD49-7E9DB9BBCC4B}.Release|x64.Build.0 = Release|Any CPU
		{E3CF650A-07DD-4EC0-BD49-7E9DB9BBCC4B}.Release|x86.ActiveCfg = Release|Any CPU
		{E3CF650A-07DD-4EC0-BD49-7E9DB9BBCC4B}.Release|x86.Build.0 = Release|Any CPU
	EndGlobalSection
	GlobalSection(SolutionProperties) = preSolution
		HideSolutionNode = FALSE
	EndGlobalSection
	GlobalSection(ExtensibilityGlobals) = postSolution
		SolutionGuid = {730B1755-20CD-4973-910E-9F86B04317B4}
	EndGlobalSection
EndGlobal
