
Microsoft Visual Studio Solution File, Format Version 12.00
# Visual Studio 15
VisualStudioVersion = 15.0.27004.2006
MinimumVisualStudioVersion = 10.0.40219.1
Project("{9A19103F-16F7-4668-BE54-9A1E7A4F7556}") = "BotMyst", "BotMyst.csproj", "{32D4AA65-06D4-424A-97A2-E078437BAEB2}"
EndProject
Global
	GlobalSection(SolutionConfigurationPlatforms) = preSolution
		Debug|Any CPU = Debug|Any CPU
		Release|Any CPU = Release|Any CPU
	EndGlobalSection
	GlobalSection(ProjectConfigurationPlatforms) = postSolution
		{32D4AA65-06D4-424A-97A2-E078437BAEB2}.Debug|Any CPU.ActiveCfg = Debug|Any CPU
		{32D4AA65-06D4-424A-97A2-E078437BAEB2}.Debug|Any CPU.Build.0 = Debug|Any CPU
		{32D4AA65-06D4-424A-97A2-E078437BAEB2}.Release|Any CPU.ActiveCfg = Release|Any CPU
		{32D4AA65-06D4-424A-97A2-E078437BAEB2}.Release|Any CPU.Build.0 = Release|Any CPU
	EndGlobalSection
	GlobalSection(SolutionProperties) = preSolution
		HideSolutionNode = FALSE
	EndGlobalSection
	GlobalSection(ExtensibilityGlobals) = postSolution
		SolutionGuid = {7359700E-682D-462C-95C4-D94365B53754}
	EndGlobalSection
EndGlobal
